
Microsoft Visual Studio Solution File, Format Version 12.00
# Visual Studio Version 17
VisualStudioVersion = 17.8.34330.188
MinimumVisualStudioVersion = 10.0.40219.1
Project("{FAE04EC0-301F-11D3-BF4B-00C04F79EFBC}") = "WindowsFormsApp3", "WindowsFormsApp3\WindowsFormsApp3.csproj", "{3F60B17B-D120-4C36-9D44-424C2E45B871}"
EndProject
Global
	GlobalSection(SolutionConfigurationPlatforms) = preSolution
		Debug|Any CPU = Debug|Any CPU
		Release|Any CPU = Release|Any CPU
	EndGlobalSection
	GlobalSection(ProjectConfigurationPlatforms) = postSolution
		{3F60B17B-D120-4C36-9D44-424C2E45B871}.Debug|Any CPU.ActiveCfg = Debug|Any CPU
		{3F60B17B-D120-4C36-9D44-424C2E45B871}.Debug|Any CPU.Build.0 = Debug|Any CPU
		{3F60B17B-D120-4C36-9D44-424C2E45B871}.Release|Any CPU.ActiveCfg = Release|Any CPU
		{3F60B17B-D120-4C36-9D44-424C2E45B871}.Release|Any CPU.Build.0 = Release|Any CPU
	EndGlobalSection
	GlobalSection(SolutionProperties) = preSolution
		HideSolutionNode = FALSE
	EndGlobalSection
	GlobalSection(ExtensibilityGlobals) = postSolution
		SolutionGuid = {83CDEC18-E4DD-47E6-A0F1-C8FC9E427AE1}
	EndGlobalSection
EndGlobal
